
Microsoft Visual Studio Solution File, Format Version 12.00
# Visual Studio 15
VisualStudioVersion = 15.0.28307.136
MinimumVisualStudioVersion = 10.0.40219.1
Project("{FAE04EC0-301F-11D3-BF4B-00C04F79EFBC}") = "SumDigitsInInteger", "SumDigitsInInteger\SumDigitsInInteger.csproj", "{657C9443-C784-4EC8-965A-0FFE77C78088}"
EndProject
Global
	GlobalSection(SolutionConfigurationPlatforms) = preSolution
		Debug|Any CPU = Debug|Any CPU
		Release|Any CPU = Release|Any CPU
	EndGlobalSection
	GlobalSection(ProjectConfigurationPlatforms) = postSolution
		{657C9443-C784-4EC8-965A-0FFE77C78088}.Debug|Any CPU.ActiveCfg = Debug|Any CPU
		{657C9443-C784-4EC8-965A-0FFE77C78088}.Debug|Any CPU.Build.0 = Debug|Any CPU
		{657C9443-C784-4EC8-965A-0FFE77C78088}.Release|Any CPU.ActiveCfg = Release|Any CPU
		{657C9443-C784-4EC8-965A-0FFE77C78088}.Release|Any CPU.Build.0 = Release|Any CPU
	EndGlobalSection
	GlobalSection(SolutionProperties) = preSolution
		HideSolutionNode = FALSE
	EndGlobalSection
	GlobalSection(ExtensibilityGlobals) = postSolution
		SolutionGuid = {E627498B-CC96-4DAC-8D4C-1A002DF35797}
	EndGlobalSection
EndGlobal
